
Microsoft Visual Studio Solution File, Format Version 11.00
# Visual Studio 2010
Project("{FAE04EC0-301F-11D3-BF4B-00C04F79EFBC}") = "TennisKata", "TennisKata\TennisKata.csproj", "{EC8639CD-7675-4E37-A011-7BA68A836AC2}"
EndProject
Project("{FAE04EC0-301F-11D3-BF4B-00C04F79EFBC}") = "TennisKataTest", "TennisKataTest\TennisKataTest.csproj", "{F33A814B-8558-4C33-BA77-39AA1012E779}"
EndProject
Global
	GlobalSection(SolutionConfigurationPlatforms) = preSolution
		Debug|Any CPU = Debug|Any CPU
		Release|Any CPU = Release|Any CPU
	EndGlobalSection
	GlobalSection(ProjectConfigurationPlatforms) = postSolution
		{EC8639CD-7675-4E37-A011-7BA68A836AC2}.Debug|Any CPU.ActiveCfg = Debug|Any CPU
		{EC8639CD-7675-4E37-A011-7BA68A836AC2}.Debug|Any CPU.Build.0 = Debug|Any CPU
		{EC8639CD-7675-4E37-A011-7BA68A836AC2}.Release|Any CPU.ActiveCfg = Release|Any CPU
		{EC8639CD-7675-4E37-A011-7BA68A836AC2}.Release|Any CPU.Build.0 = Release|Any CPU
		{F33A814B-8558-4C33-BA77-39AA1012E779}.Debug|Any CPU.ActiveCfg = Debug|Any CPU
		{F33A814B-8558-4C33-BA77-39AA1012E779}.Debug|Any CPU.Build.0 = Debug|Any CPU
		{F33A814B-8558-4C33-BA77-39AA1012E779}.Release|Any CPU.ActiveCfg = Release|Any CPU
		{F33A814B-8558-4C33-BA77-39AA1012E779}.Release|Any CPU.Build.0 = Release|Any CPU
	EndGlobalSection
	GlobalSection(SolutionProperties) = preSolution
		HideSolutionNode = FALSE
	EndGlobalSection
EndGlobal
