
Microsoft Visual Studio Solution File, Format Version 11.00
# Visual Studio 2010
Project("{FAE04EC0-301F-11D3-BF4B-00C04F79EFBC}") = "Fizzbuzz", "Fizzbuzz\Fizzbuzz.csproj", "{62322091-08C0-4A07-B850-A4732E6CD881}"
EndProject
Project("{FAE04EC0-301F-11D3-BF4B-00C04F79EFBC}") = "FizzbuzzTests", "FizzbuzzTests\FizzbuzzTests.csproj", "{A9D7334F-E1D6-4EFF-A366-645DBD15ABA4}"
EndProject
Global
	GlobalSection(SolutionConfigurationPlatforms) = preSolution
		Debug|Any CPU = Debug|Any CPU
		Release|Any CPU = Release|Any CPU
	EndGlobalSection
	GlobalSection(ProjectConfigurationPlatforms) = postSolution
		{62322091-08C0-4A07-B850-A4732E6CD881}.Debug|Any CPU.ActiveCfg = Debug|Any CPU
		{62322091-08C0-4A07-B850-A4732E6CD881}.Debug|Any CPU.Build.0 = Debug|Any CPU
		{62322091-08C0-4A07-B850-A4732E6CD881}.Release|Any CPU.ActiveCfg = Release|Any CPU
		{62322091-08C0-4A07-B850-A4732E6CD881}.Release|Any CPU.Build.0 = Release|Any CPU
		{A9D7334F-E1D6-4EFF-A366-645DBD15ABA4}.Debug|Any CPU.ActiveCfg = Debug|Any CPU
		{A9D7334F-E1D6-4EFF-A366-645DBD15ABA4}.Debug|Any CPU.Build.0 = Debug|Any CPU
		{A9D7334F-E1D6-4EFF-A366-645DBD15ABA4}.Release|Any CPU.ActiveCfg = Release|Any CPU
		{A9D7334F-E1D6-4EFF-A366-645DBD15ABA4}.Release|Any CPU.Build.0 = Release|Any CPU
	EndGlobalSection
	GlobalSection(SolutionProperties) = preSolution
		HideSolutionNode = FALSE
	EndGlobalSection
EndGlobal
